
Microsoft Visual Studio Solution File, Format Version 12.00
# Visual Studio Version 17
VisualStudioVersion = 17.5.002.0
MinimumVisualStudioVersion = 10.0.40219.1
Project("{9A19103F-16F7-4668-BE54-9A1E7A4F7556}") = "FirstWebMVC", "FirstWebMVC\FirstWebMVC.csproj", "{5E814BC3-6B65-4A5B-BC11-22F15467B628}"
EndProject
Project("{9A19103F-16F7-4668-BE54-9A1E7A4F7556}") = "MvcMovie", "MvcMovie\MvcMovie.csproj", "{674319C3-EA12-4D52-87AF-79176B885104}"
EndProject
Project("{9A19103F-16F7-4668-BE54-9A1E7A4F7556}") = "NewApp", "NewApp\NewApp.csproj", "{1C954048-2CEA-4487-A8E0-ADAF0E41F0D9}"
EndProject
Global
	GlobalSection(SolutionConfigurationPlatforms) = preSolution
		Debug|Any CPU = Debug|Any CPU
		Release|Any CPU = Release|Any CPU
	EndGlobalSection
	GlobalSection(ProjectConfigurationPlatforms) = postSolution
		{5E814BC3-6B65-4A5B-BC11-22F15467B628}.Debug|Any CPU.ActiveCfg = Debug|Any CPU
		{5E814BC3-6B65-4A5B-BC11-22F15467B628}.Debug|Any CPU.Build.0 = Debug|Any CPU
		{5E814BC3-6B65-4A5B-BC11-22F15467B628}.Release|Any CPU.ActiveCfg = Release|Any CPU
		{5E814BC3-6B65-4A5B-BC11-22F15467B628}.Release|Any CPU.Build.0 = Release|Any CPU
		{674319C3-EA12-4D52-87AF-79176B885104}.Debug|Any CPU.ActiveCfg = Debug|Any CPU
		{674319C3-EA12-4D52-87AF-79176B885104}.Debug|Any CPU.Build.0 = Debug|Any CPU
		{674319C3-EA12-4D52-87AF-79176B885104}.Release|Any CPU.ActiveCfg = Release|Any CPU
		{674319C3-EA12-4D52-87AF-79176B885104}.Release|Any CPU.Build.0 = Release|Any CPU
		{1C954048-2CEA-4487-A8E0-ADAF0E41F0D9}.Debug|Any CPU.ActiveCfg = Debug|Any CPU
		{1C954048-2CEA-4487-A8E0-ADAF0E41F0D9}.Debug|Any CPU.Build.0 = Debug|Any CPU
		{1C954048-2CEA-4487-A8E0-ADAF0E41F0D9}.Release|Any CPU.ActiveCfg = Release|Any CPU
		{1C954048-2CEA-4487-A8E0-ADAF0E41F0D9}.Release|Any CPU.Build.0 = Release|Any CPU
	EndGlobalSection
	GlobalSection(SolutionProperties) = preSolution
		HideSolutionNode = FALSE
	EndGlobalSection
	GlobalSection(ExtensibilityGlobals) = postSolution
		SolutionGuid = {A126DB9E-BCD2-4FFC-8C6E-C669682F6804}
	EndGlobalSection
EndGlobal
