
Microsoft Visual Studio Solution File, Format Version 12.00
# Visual Studio Version 17
VisualStudioVersion = 17.5.002.0
MinimumVisualStudioVersion = 10.0.40219.1
Project("{9A19103F-16F7-4668-BE54-9A1E7A4F7556}") = "LVCBaiThiLai", "LVCBaiThiLai.csproj", "{799F96CD-F1C0-421D-90DB-4D456A266FD6}"
EndProject
Global
	GlobalSection(SolutionConfigurationPlatforms) = preSolution
		Debug|Any CPU = Debug|Any CPU
		Release|Any CPU = Release|Any CPU
	EndGlobalSection
	GlobalSection(ProjectConfigurationPlatforms) = postSolution
		{799F96CD-F1C0-421D-90DB-4D456A266FD6}.Debug|Any CPU.ActiveCfg = Debug|Any CPU
		{799F96CD-F1C0-421D-90DB-4D456A266FD6}.Debug|Any CPU.Build.0 = Debug|Any CPU
		{799F96CD-F1C0-421D-90DB-4D456A266FD6}.Release|Any CPU.ActiveCfg = Release|Any CPU
		{799F96CD-F1C0-421D-90DB-4D456A266FD6}.Release|Any CPU.Build.0 = Release|Any CPU
	EndGlobalSection
	GlobalSection(SolutionProperties) = preSolution
		HideSolutionNode = FALSE
	EndGlobalSection
	GlobalSection(ExtensibilityGlobals) = postSolution
		SolutionGuid = {C75C7AAD-9AD9-40E0-ABF2-F21ACB133756}
	EndGlobalSection
EndGlobal
